PODS:
  - Crashlytics (3.8.5):
    - Fabric (~> 1.6.3)
  - Fabric (1.6.12)
  - HandyJSON (1.7.2)
  - Kingfisher (3.10.4)
  - PKHUD (4.2.3)
  - SKPhotoBrowser (4.0.1)

DEPENDENCIES:
  - Crashlytics
  - Fabric
  - HandyJSON
  - Kingfisher
  - PKHUD
  - SKPhotoBrowser

SPEC CHECKSUMS:
  Crashlytics: dfbae35ef22ca189240d230ad501feea4ee85d2d
  Fabric: f050464eac45a2ce5a8e6e6a07e977c0df32fe28
  HandyJSON: e7ad0483005826baba1d1c251cd98d0aa8bd8cce
  Kingfisher: dc3a4983e86d2dfa89513664983a82340c11a289
  PKHUD: c7692163a09875cbf15827dc581df3c5cf7f1015
  SKPhotoBrowser: 3a7c6fc02aa1620ab17253a47a49fafda46536e8

PODFILE CHECKSUM: 0bc15cd02a4dc2c954d381a022191d86e414ba89

COCOAPODS: 1.2.1
